Microsoft Visual Studio Solution File, Format Version 11.00
# Visual Studio 2010
Project("{3D607907-FB2C-F738-7269-80F409FFD348}") = "ImageBuilder", "ImageBuilder.vcxproj", "{13B7C012-12B8-AAC2-AEBF-C8EAEA97B7B3}"
EndProject
Global
	GlobalSection(SolutionConfigurationPlatforms) = preSolution
		Debug|Win32 = Debug|Win32
		Release|Win32 = Release|Win32
	EndGlobalSection
	GlobalSection(ProjectConfigurationPlatforms) = postSolution
		{13B7C012-12B8-AAC2-AEBF-C8EAEA97B7B3}.Debug|Win32.ActiveCfg = Debug|Win32
		{13B7C012-12B8-AAC2-AEBF-C8EAEA97B7B3}.Debug|Win32.Build.0 = Debug|Win32
		{13B7C012-12B8-AAC2-AEBF-C8EAEA97B7B3}.Release|Win32.ActiveCfg = Release|Win32
		{13B7C012-12B8-AAC2-AEBF-C8EAEA97B7B3}.Release|Win32.Build.0 = Release|Win32
	EndGlobalSection
	GlobalSection(SolutionProperties) = preSolution
		HideSolutionNode = FALSE
	EndGlobalSection
EndGlobal
